
Microsoft Visual Studio Solution File, Format Version 12.00
# Visual Studio Version 17
VisualStudioVersion = 17.6.33815.320
MinimumVisualStudioVersion = 10.0.40219.1
Project("{9A19103F-16F7-4668-BE54-9A1E7A4F7556}") = "ChainOfStores", "ChainOfStores\ChainOfStores.csproj", "{C7E863C1-927B-48E1-B9FE-C1C425DECFE7}"
EndProject
Project("{FAE04EC0-301F-11D3-BF4B-00C04F79EFBC}") = "ChainOfStores.DataAccess", "ChainOfStores.DataAccess\ChainOfStores.DataAccess.csproj", "{40ED7604-D867-42A3-AFF5-BA40A6E20927}"
EndProject
Project("{FAE04EC0-301F-11D3-BF4B-00C04F79EFBC}") = "ChainOfStores.Models", "ChainOfStores.Models\ChainOfStores.Models.csproj", "{8F2E6DDC-D2EE-4E73-B9BD-441E4C749EB3}"
EndProject
Project("{FAE04EC0-301F-11D3-BF4B-00C04F79EFBC}") = "ChainOfStores.Utility", "ChainOfStores.Utility\ChainOfStores.Utility.csproj", "{00663132-6F5F-49BB-BAD5-AA04CDF90896}"
EndProject
Global
	GlobalSection(SolutionConfigurationPlatforms) = preSolution
		Debug|Any CPU = Debug|Any CPU
		Release|Any CPU = Release|Any CPU
	EndGlobalSection
	GlobalSection(ProjectConfigurationPlatforms) = postSolution
		{C7E863C1-927B-48E1-B9FE-C1C425DECFE7}.Debug|Any CPU.ActiveCfg = Debug|Any CPU
		{C7E863C1-927B-48E1-B9FE-C1C425DECFE7}.Debug|Any CPU.Build.0 = Debug|Any CPU
		{C7E863C1-927B-48E1-B9FE-C1C425DECFE7}.Release|Any CPU.ActiveCfg = Release|Any CPU
		{C7E863C1-927B-48E1-B9FE-C1C425DECFE7}.Release|Any CPU.Build.0 = Release|Any CPU
		{40ED7604-D867-42A3-AFF5-BA40A6E20927}.Debug|Any CPU.ActiveCfg = Debug|Any CPU
		{40ED7604-D867-42A3-AFF5-BA40A6E20927}.Debug|Any CPU.Build.0 = Debug|Any CPU
		{40ED7604-D867-42A3-AFF5-BA40A6E20927}.Release|Any CPU.ActiveCfg = Release|Any CPU
		{40ED7604-D867-42A3-AFF5-BA40A6E20927}.Release|Any CPU.Build.0 = Release|Any CPU
		{8F2E6DDC-D2EE-4E73-B9BD-441E4C749EB3}.Debug|Any CPU.ActiveCfg = Debug|Any CPU
		{8F2E6DDC-D2EE-4E73-B9BD-441E4C749EB3}.Debug|Any CPU.Build.0 = Debug|Any CPU
		{8F2E6DDC-D2EE-4E73-B9BD-441E4C749EB3}.Release|Any CPU.ActiveCfg = Release|Any CPU
		{8F2E6DDC-D2EE-4E73-B9BD-441E4C749EB3}.Release|Any CPU.Build.0 = Release|Any CPU
		{00663132-6F5F-49BB-BAD5-AA04CDF90896}.Debug|Any CPU.ActiveCfg = Debug|Any CPU
		{00663132-6F5F-49BB-BAD5-AA04CDF90896}.Debug|Any CPU.Build.0 = Debug|Any CPU
		{00663132-6F5F-49BB-BAD5-AA04CDF90896}.Release|Any CPU.ActiveCfg = Release|Any CPU
		{00663132-6F5F-49BB-BAD5-AA04CDF90896}.Release|Any CPU.Build.0 = Release|Any CPU
	EndGlobalSection
	GlobalSection(SolutionProperties) = preSolution
		HideSolutionNode = FALSE
	EndGlobalSection
	GlobalSection(ExtensibilityGlobals) = postSolution
		SolutionGuid = {D9F8450A-E60E-47A4-8D8F-1B55FC5329C2}
	EndGlobalSection
EndGlobal
