
Microsoft Visual Studio Solution File, Format Version 12.00
# Visual Studio Version 17
VisualStudioVersion = 17.6.33815.320
MinimumVisualStudioVersion = 10.0.40219.1
Project("{FAE04EC0-301F-11D3-BF4B-00C04F79EFBC}") = "ChainOfStores", "ChainOfStores\ChainOfStores.csproj", "{C7E863C1-927B-48E1-B9FE-C1C425DECFE7}"
EndProject
Global
	GlobalSection(SolutionConfigurationPlatforms) = preSolution
		Debug|Any CPU = Debug|Any CPU
		Release|Any CPU = Release|Any CPU
	EndGlobalSection
	GlobalSection(ProjectConfigurationPlatforms) = postSolution
		{C7E863C1-927B-48E1-B9FE-C1C425DECFE7}.Debug|Any CPU.ActiveCfg = Debug|Any CPU
		{C7E863C1-927B-48E1-B9FE-C1C425DECFE7}.Debug|Any CPU.Build.0 = Debug|Any CPU
		{C7E863C1-927B-48E1-B9FE-C1C425DECFE7}.Release|Any CPU.ActiveCfg = Release|Any CPU
		{C7E863C1-927B-48E1-B9FE-C1C425DECFE7}.Release|Any CPU.Build.0 = Release|Any CPU
	EndGlobalSection
	GlobalSection(SolutionProperties) = preSolution
		HideSolutionNode = FALSE
	EndGlobalSection
	GlobalSection(ExtensibilityGlobals) = postSolution
		SolutionGuid = {D9F8450A-E60E-47A4-8D8F-1B55FC5329C2}
	EndGlobalSection
EndGlobal
